
Microsoft Visual Studio Solution File, Format Version 12.00
# Visual Studio 15
VisualStudioVersion = 15.0.27130.2036
MinimumVisualStudioVersion = 10.0.40219.1
Project("{DA7A21FA-8162-4350-AD77-A8D1B671F3ED}") = "test", "test.rxproj", "{8B82D7C6-8A00-4B48-B6AA-BC5FD8F3C92F}"
EndProject
Global
	GlobalSection(SolutionConfigurationPlatforms) = preSolution
		Debug|Any CPU = Debug|Any CPU
		Release|Any CPU = Release|Any CPU
	EndGlobalSection
	GlobalSection(ProjectConfigurationPlatforms) = postSolution
		{8B82D7C6-8A00-4B48-B6AA-BC5FD8F3C92F}.Debug|Any CPU.ActiveCfg = Debug|Any CPU
		{8B82D7C6-8A00-4B48-B6AA-BC5FD8F3C92F}.Debug|Any CPU.Build.0 = Debug|Any CPU
		{8B82D7C6-8A00-4B48-B6AA-BC5FD8F3C92F}.Release|Any CPU.ActiveCfg = Release|Any CPU
		{8B82D7C6-8A00-4B48-B6AA-BC5FD8F3C92F}.Release|Any CPU.Build.0 = Release|Any CPU
	EndGlobalSection
	GlobalSection(SolutionProperties) = preSolution
		HideSolutionNode = FALSE
	EndGlobalSection
	GlobalSection(ExtensibilityGlobals) = postSolution
		SolutionGuid = {EF94138D-CDA5-44CE-84FE-A0A483F41173}
	EndGlobalSection
EndGlobal
