
Microsoft Visual Studio Solution File, Format Version 12.00
# Visual Studio 15
VisualStudioVersion = 15.0.27130.2036
MinimumVisualStudioVersion = 10.0.40219.1
Project("{DA7A21FA-8162-4350-AD77-A8D1B671F3ED}") = "Lab2", "Lab2.rxproj", "{1BDAF67C-9CBD-4C4D-856F-3E53E9DF5CB6}"
EndProject
Global
	GlobalSection(SolutionConfigurationPlatforms) = preSolution
		Debug|Any CPU = Debug|Any CPU
		Release|Any CPU = Release|Any CPU
	EndGlobalSection
	GlobalSection(ProjectConfigurationPlatforms) = postSolution
		{1BDAF67C-9CBD-4C4D-856F-3E53E9DF5CB6}.Debug|Any CPU.ActiveCfg = Debug|Any CPU
		{1BDAF67C-9CBD-4C4D-856F-3E53E9DF5CB6}.Debug|Any CPU.Build.0 = Debug|Any CPU
		{1BDAF67C-9CBD-4C4D-856F-3E53E9DF5CB6}.Release|Any CPU.ActiveCfg = Release|Any CPU
		{1BDAF67C-9CBD-4C4D-856F-3E53E9DF5CB6}.Release|Any CPU.Build.0 = Release|Any CPU
	EndGlobalSection
	GlobalSection(SolutionProperties) = preSolution
		HideSolutionNode = FALSE
	EndGlobalSection
	GlobalSection(ExtensibilityGlobals) = postSolution
		SolutionGuid = {5B1B8E22-0E55-4D3F-AFC7-9C3FF91B5255}
	EndGlobalSection
EndGlobal
